
Microsoft Visual Studio Solution File, Format Version 11.00
# Visual Studio 2010
Project("{8BC9CEB8-8B4A-11D0-8D11-00A0C91BC942}") = "Merge File Program", "Merge File Program\Merge File Program.vcxproj", "{5BC300AD-1B90-4BED-8CB9-0019461B005F}"
EndProject
Global
	GlobalSection(SolutionConfigurationPlatforms) = preSolution
		Debug|Win32 = Debug|Win32
		Release|Win32 = Release|Win32
	EndGlobalSection
	GlobalSection(ProjectConfigurationPlatforms) = postSolution
		{5BC300AD-1B90-4BED-8CB9-0019461B005F}.Debug|Win32.ActiveCfg = Debug|Win32
		{5BC300AD-1B90-4BED-8CB9-0019461B005F}.Debug|Win32.Build.0 = Debug|Win32
		{5BC300AD-1B90-4BED-8CB9-0019461B005F}.Release|Win32.ActiveCfg = Release|Win32
		{5BC300AD-1B90-4BED-8CB9-0019461B005F}.Release|Win32.Build.0 = Release|Win32
	EndGlobalSection
	GlobalSection(SolutionProperties) = preSolution
		HideSolutionNode = FALSE
	EndGlobalSection
EndGlobal
